
Microsoft Visual Studio Solution File, Format Version 12.00
# Visual Studio Version 16
VisualStudioVersion = 16.0.31624.102
MinimumVisualStudioVersion = 10.0.40219.1
Project("{FAE04EC0-301F-11D3-BF4B-00C04F79EFBC}") = "Financiamento", "Financiamento\Financiamento.csproj", "{D3831D56-3BF2-4232-84A8-046EC990528D}"
EndProject
Global
	GlobalSection(SolutionConfigurationPlatforms) = preSolution
		Debug|Any CPU = Debug|Any CPU
		Release|Any CPU = Release|Any CPU
	EndGlobalSection
	GlobalSection(ProjectConfigurationPlatforms) = postSolution
		{D3831D56-3BF2-4232-84A8-046EC990528D}.Debug|Any CPU.ActiveCfg = Debug|Any CPU
		{D3831D56-3BF2-4232-84A8-046EC990528D}.Debug|Any CPU.Build.0 = Debug|Any CPU
		{D3831D56-3BF2-4232-84A8-046EC990528D}.Release|Any CPU.ActiveCfg = Release|Any CPU
		{D3831D56-3BF2-4232-84A8-046EC990528D}.Release|Any CPU.Build.0 = Release|Any CPU
	EndGlobalSection
	GlobalSection(SolutionProperties) = preSolution
		HideSolutionNode = FALSE
	EndGlobalSection
	GlobalSection(ExtensibilityGlobals) = postSolution
		SolutionGuid = {E4D73472-E147-4AAF-BECE-0DB9005C56D7}
	EndGlobalSection
EndGlobal
